
Microsoft Visual Studio Solution File, Format Version 12.00
# Visual Studio 2013
VisualStudioVersion = 12.0.21005.1
MinimumVisualStudioVersion = 10.0.40219.1
Project("{FAE04EC0-301F-11D3-BF4B-00C04F79EFBC}") = "Question1FixTheBugs", "Question1FixTheBugs\Question1FixTheBugs.csproj", "{3C1C9917-983C-4578-89EA-916D8D803E5F}"
EndProject
Project("{FAE04EC0-301F-11D3-BF4B-00C04F79EFBC}") = "Question2ChangeDirectory", "Question2ChangeDirectory\Question2ChangeDirectory.csproj", "{B448886C-1F65-4980-8449-D54751BAFDA2}"
EndProject
Project("{FAE04EC0-301F-11D3-BF4B-00C04F79EFBC}") = "Question3IndexOfLongSequence", "Question3IndexOfLongSequence\Question3IndexOfLongSequence.csproj", "{5E4F1DDC-5631-447D-A9C2-976B44B884D6}"
EndProject
Project("{FAE04EC0-301F-11D3-BF4B-00C04F79EFBC}") = "Question4BinarySearchTree", "Question4BinarySearchTree\Question4BinarySearchTree.csproj", "{13DF7DB0-9AF1-4925-873E-684AED8F6B5C}"
EndProject
Global
	GlobalSection(SolutionConfigurationPlatforms) = preSolution
		Debug|Any CPU = Debug|Any CPU
		Release|Any CPU = Release|Any CPU
	EndGlobalSection
	GlobalSection(ProjectConfigurationPlatforms) = postSolution
		{3C1C9917-983C-4578-89EA-916D8D803E5F}.Debug|Any CPU.ActiveCfg = Debug|Any CPU
		{3C1C9917-983C-4578-89EA-916D8D803E5F}.Debug|Any CPU.Build.0 = Debug|Any CPU
		{3C1C9917-983C-4578-89EA-916D8D803E5F}.Release|Any CPU.ActiveCfg = Release|Any CPU
		{3C1C9917-983C-4578-89EA-916D8D803E5F}.Release|Any CPU.Build.0 = Release|Any CPU
		{B448886C-1F65-4980-8449-D54751BAFDA2}.Debug|Any CPU.ActiveCfg = Debug|Any CPU
		{B448886C-1F65-4980-8449-D54751BAFDA2}.Debug|Any CPU.Build.0 = Debug|Any CPU
		{B448886C-1F65-4980-8449-D54751BAFDA2}.Release|Any CPU.ActiveCfg = Release|Any CPU
		{B448886C-1F65-4980-8449-D54751BAFDA2}.Release|Any CPU.Build.0 = Release|Any CPU
		{5E4F1DDC-5631-447D-A9C2-976B44B884D6}.Debug|Any CPU.ActiveCfg = Debug|Any CPU
		{5E4F1DDC-5631-447D-A9C2-976B44B884D6}.Debug|Any CPU.Build.0 = Debug|Any CPU
		{5E4F1DDC-5631-447D-A9C2-976B44B884D6}.Release|Any CPU.ActiveCfg = Release|Any CPU
		{5E4F1DDC-5631-447D-A9C2-976B44B884D6}.Release|Any CPU.Build.0 = Release|Any CPU
		{13DF7DB0-9AF1-4925-873E-684AED8F6B5C}.Debug|Any CPU.ActiveCfg = Debug|Any CPU
		{13DF7DB0-9AF1-4925-873E-684AED8F6B5C}.Debug|Any CPU.Build.0 = Debug|Any CPU
		{13DF7DB0-9AF1-4925-873E-684AED8F6B5C}.Release|Any CPU.ActiveCfg = Release|Any CPU
		{13DF7DB0-9AF1-4925-873E-684AED8F6B5C}.Release|Any CPU.Build.0 = Release|Any CPU
	EndGlobalSection
	GlobalSection(SolutionProperties) = preSolution
		HideSolutionNode = FALSE
	EndGlobalSection
EndGlobal
